
Microsoft Visual Studio Solution File, Format Version 12.00
# Visual Studio Version 17
VisualStudioVersion = 17.9.34728.123
MinimumVisualStudioVersion = 10.0.40219.1
Project("{FAE04EC0-301F-11D3-BF4B-00C04F79EFBC}") = "salario-atv", "salario-atv\salario-atv.csproj", "{9F7661AF-3B24-4E7B-B049-7044367AFEC7}"
EndProject
Global
	GlobalSection(SolutionConfigurationPlatforms) = preSolution
		Debug|Any CPU = Debug|Any CPU
		Release|Any CPU = Release|Any CPU
	EndGlobalSection
	GlobalSection(ProjectConfigurationPlatforms) = postSolution
		{9F7661AF-3B24-4E7B-B049-7044367AFEC7}.Debug|Any CPU.ActiveCfg = Debug|Any CPU
		{9F7661AF-3B24-4E7B-B049-7044367AFEC7}.Debug|Any CPU.Build.0 = Debug|Any CPU
		{9F7661AF-3B24-4E7B-B049-7044367AFEC7}.Release|Any CPU.ActiveCfg = Release|Any CPU
		{9F7661AF-3B24-4E7B-B049-7044367AFEC7}.Release|Any CPU.Build.0 = Release|Any CPU
	EndGlobalSection
	GlobalSection(SolutionProperties) = preSolution
		HideSolutionNode = FALSE
	EndGlobalSection
	GlobalSection(ExtensibilityGlobals) = postSolution
		SolutionGuid = {4A1836A9-6240-41D9-A2F8-66227D35BF36}
	EndGlobalSection
EndGlobal
